
Microsoft Visual Studio Solution File, Format Version 12.00
# Visual Studio Version 17
VisualStudioVersion = 17.9.34622.214
MinimumVisualStudioVersion = 10.0.40219.1
Project("{9A19103F-16F7-4668-BE54-9A1E7A4F7556}") = "Sever", "..\..\NT106\SocketChat\Sever\Sever.csproj", "{6F2F2190-E87F-4DC3-BAF1-F5AE57EF8FFB}"
EndProject
Project("{9A19103F-16F7-4668-BE54-9A1E7A4F7556}") = "Client", "..\..\NT106\SocketChat\Client\Client.csproj", "{18A0CAF2-1351-44DD-91D0-10F14EC13715}"
EndProject
Global
	GlobalSection(SolutionConfigurationPlatforms) = preSolution
		Debug|Any CPU = Debug|Any CPU
		Release|Any CPU = Release|Any CPU
	EndGlobalSection
	GlobalSection(ProjectConfigurationPlatforms) = postSolution
		{6F2F2190-E87F-4DC3-BAF1-F5AE57EF8FFB}.Debug|Any CPU.ActiveCfg = Debug|Any CPU
		{6F2F2190-E87F-4DC3-BAF1-F5AE57EF8FFB}.Debug|Any CPU.Build.0 = Debug|Any CPU
		{6F2F2190-E87F-4DC3-BAF1-F5AE57EF8FFB}.Release|Any CPU.ActiveCfg = Release|Any CPU
		{6F2F2190-E87F-4DC3-BAF1-F5AE57EF8FFB}.Release|Any CPU.Build.0 = Release|Any CPU
		{18A0CAF2-1351-44DD-91D0-10F14EC13715}.Debug|Any CPU.ActiveCfg = Debug|Any CPU
		{18A0CAF2-1351-44DD-91D0-10F14EC13715}.Debug|Any CPU.Build.0 = Debug|Any CPU
		{18A0CAF2-1351-44DD-91D0-10F14EC13715}.Release|Any CPU.ActiveCfg = Release|Any CPU
		{18A0CAF2-1351-44DD-91D0-10F14EC13715}.Release|Any CPU.Build.0 = Release|Any CPU
	EndGlobalSection
	GlobalSection(SolutionProperties) = preSolution
		HideSolutionNode = FALSE
	EndGlobalSection
	GlobalSection(ExtensibilityGlobals) = postSolution
		SolutionGuid = {CEEC6335-7B05-4A99-90BC-45A6EF5A9ECA}
	EndGlobalSection
EndGlobal
